// !$*UTF8*$!
{
	archiveVersion = 1;
	classes = {
	};
	objectVersion = 50;
	objects = {

/* Begin PBXBuildFile section */
		043D64D123A964A2002AD2DC /* AppDelegate.swift in Sources */ = {isa = PBXBuildFile; fileRef = 043D64D023A964A2002AD2DC /* AppDelegate.swift */; };
		043D64D323A964A2002AD2DC /* SceneDelegate.swift in Sources */ = {isa = PBXBuildFile; fileRef = 043D64D223A964A2002AD2DC /* SceneDelegate.swift */; };
		043D64D523A964A2002AD2DC /* ViewController.swift in Sources */ = {isa = PBXBuildFile; fileRef = 043D64D423A964A2002AD2DC /* ViewController.swift */; };
		043D64D823A964A2002AD2DC /* Main.storyboard in Resources */ = {isa = PBXBuildFile; fileRef = 043D64D623A964A2002AD2DC /* Main.storyboard */; };
		043D64DB23A964A2002AD2DC /* MoveAndGo.xcdatamodeld in Sources */ = {isa = PBXBuildFile; fileRef = 043D64D923A964A2002AD2DC /* MoveAndGo.xcdatamodeld */; };
		043D64DD23A964A5002AD2DC /* Assets.xcassets in Resources */ = {isa = PBXBuildFile; fileRef = 043D64DC23A964A5002AD2DC /* Assets.xcassets */; };
		043D64E023A964A5002AD2DC /* LaunchScreen.storyboard in Resources */ = {isa = PBXBuildFile; fileRef = 043D64DE23A964A5002AD2DC /* LaunchScreen.storyboard */; };
		043D651A23A96BF3002AD2DC /* MoveAndGoTests.swift in Sources */ = {isa = PBXBuildFile; fileRef = 043D651923A96BF3002AD2DC /* MoveAndGoTests.swift */; };
		043D652423A96D46002AD2DC /* ModelData.swift in Sources */ = {isa = PBXBuildFile; fileRef = 043D652323A96D46002AD2DC /* ModelData.swift */; };
/* End PBXBuildFile section */

/* Begin PBXContainerItemProxy section */
		043D651C23A96BF3002AD2DC /* PBXContainerItemProxy */ = {
			isa = PBXContainerItemProxy;
			containerPortal = 043D64C523A964A2002AD2DC /* Project object */;
			proxyType = 1;
			remoteGlobalIDString = 043D64CC23A964A2002AD2DC;
			remoteInfo = MoveAndGo;
		};
/* End PBXContainerItemProxy section */

/* Begin PBXFileReference section */
		043D64CD23A964A2002AD2DC /* MoveAndGo.app */ = {isa = PBXFileReference; explicitFileType = wrapper.application; includeInIndex = 0; path = MoveAndGo.app; sourceTree = BUILT_PRODUCTS_DIR; };
		043D64D023A964A2002AD2DC /* AppDelegate.swift */ = {isa = PBXFileReference; lastKnownFileType = sourcecode.swift; path = AppDelegate.swift; sourceTree = "<group>"; };
		043D64D223A964A2002AD2DC /* SceneDelegate.swift */ = {isa = PBXFileReference; lastKnownFileType = sourcecode.swift; path = SceneDelegate.swift; sourceTree = "<group>"; };
		043D64D423A964A2002AD2DC /* ViewController.swift */ = {isa = PBXFileReference; lastKnownFileType = sourcecode.swift; path = ViewController.swift; sourceTree = "<group>"; };
		043D64D723A964A2002AD2DC /* Base */ = {isa = PBXFileReference; lastKnownFileType = file.storyboard; name = Base; path = Base.lproj/Main.storyboard; sourceTree = "<group>"; };
		043D64DA23A964A2002AD2DC /* MoveAndGo.xcdatamodel */ = {isa = PBXFileReference; lastKnownFileType = wrapper.xcdatamodel; path = MoveAndGo.xcdatamodel; sourceTree = "<group>"; };
		043D64DC23A964A5002AD2DC /* Assets.xcassets */ = {isa = PBXFileReference; lastKnownFileType = folder.assetcatalog; path = Assets.xcassets; sourceTree = "<group>"; };
		043D64DF23A964A5002AD2DC /* Base */ = {isa = PBXFileReference; lastKnownFileType = file.storyboard; name = Base; path = Base.lproj/LaunchScreen.storyboard; sourceTree = "<group>"; };
		043D64E123A964A5002AD2DC /* Info.plist */ = {isa = PBXFileReference; lastKnownFileType = text.plist.xml; path = Info.plist; sourceTree = "<group>"; };
		043D651723A96BF3002AD2DC /* MoveAndGoTests.xctest */ = {isa = PBXFileReference; explicitFileType = wrapper.cfbundle; includeInIndex = 0; path = MoveAndGoTests.xctest; sourceTree = BUILT_PRODUCTS_DIR; };
		043D651923A96BF3002AD2DC /* MoveAndGoTests.swift */ = {isa = PBXFileReference; lastKnownFileType = sourcecode.swift; path = MoveAndGoTests.swift; sourceTree = "<group>"; };
		043D651B23A96BF3002AD2DC /* Info.plist */ = {isa = PBXFileReference; lastKnownFileType = text.plist.xml; path = Info.plist; sourceTree = "<group>"; };
		043D652323A96D46002AD2DC /* ModelData.swift */ = {isa = PBXFileReference; lastKnownFileType = sourcecode.swift; path = ModelData.swift; sourceTree = "<group>"; };
/* End PBXFileReference section */

/* Begin PBXFrameworksBuildPhase section */
		043D64CA23A964A2002AD2DC /* Frameworks */ = {
			isa = PBXFrameworksBuildPhase;
			buildActionMask = 2147483647;
			files = (
			);
			runOnlyForDeploymentPostprocessing = 0;
		};
		043D651423A96BF3002AD2DC /* Frameworks */ = {
			isa = PBXFrameworksBuildPhase;
			buildActionMask = 2147483647;
			files = (
			);
			runOnlyForDeploymentPostprocessing = 0;
		};
/* End PBXFrameworksBuildPhase section */

/* Begin PBXGroup section */
		043D64C423A964A2002AD2DC = {
			isa = PBXGroup;
			children = (
				043D64CF23A964A2002AD2DC /* MoveAndGo */,
				043D651823A96BF3002AD2DC /* MoveAndGoTests */,
				043D64CE23A964A2002AD2DC /* Products */,
			);
			sourceTree = "<group>";
		};
		043D64CE23A964A2002AD2DC /* Products */ = {
			isa = PBXGroup;
			children = (
				043D64CD23A964A2002AD2DC /* MoveAndGo.app */,
				043D651723A96BF3002AD2DC /* MoveAndGoTests.xctest */,
			);
			name = Products;
			sourceTree = "<group>";
		};
		043D64CF23A964A2002AD2DC /* MoveAndGo */ = {
			isa = PBXGroup;
			children = (
				043D64D023A964A2002AD2DC /* AppDelegate.swift */,
				043D64D223A964A2002AD2DC /* SceneDelegate.swift */,
				043D64E123A964A5002AD2DC /* Info.plist */,
				043D64D923A964A2002AD2DC /* MoveAndGo.xcdatamodeld */,
				043D651223A96B9C002AD2DC /* Model */,
				043D651023A96B8B002AD2DC /* View */,
				043D652123A96C71002AD2DC /* Controllers */,
				043D652223A96C93002AD2DC /* Resources */,
			);
			path = MoveAndGo;
			sourceTree = "<group>";
		};
		043D651023A96B8B002AD2DC /* View */ = {
			isa = PBXGroup;
			children = (
				043D64D623A964A2002AD2DC /* Main.storyboard */,
				043D64DE23A964A5002AD2DC /* LaunchScreen.storyboard */,
			);
			path = View;
			sourceTree = "<group>";
		};
		043D651223A96B9C002AD2DC /* Model */ = {
			isa = PBXGroup;
			children = (
				043D652323A96D46002AD2DC /* ModelData.swift */,
			);
			path = Model;
			sourceTree = "<group>";
		};
		043D651823A96BF3002AD2DC /* MoveAndGoTests */ = {
			isa = PBXGroup;
			children = (
				043D651923A96BF3002AD2DC /* MoveAndGoTests.swift */,
				043D651B23A96BF3002AD2DC /* Info.plist */,
			);
			path = MoveAndGoTests;
			sourceTree = "<group>";
		};
		043D652123A96C71002AD2DC /* Controllers */ = {
			isa = PBXGroup;
			children = (
				043D64D423A964A2002AD2DC /* ViewController.swift */,
			);
			path = Controllers;
			sourceTree = "<group>";
		};
		043D652223A96C93002AD2DC /* Resources */ = {
			isa = PBXGroup;
			children = (
				043D64DC23A964A5002AD2DC /* Assets.xcassets */,
			);
			path = Resources;
			sourceTree = "<group>";
		};
/* End PBXGroup section */

/* Begin PBXNativeTarget section */
		043D64CC23A964A2002AD2DC /* MoveAndGo */ = {
			isa = PBXNativeTarget;
			buildConfigurationList = 043D64E423A964A5002AD2DC /* Build configuration list for PBXNativeTarget "MoveAndGo" */;
			buildPhases = (
				043D64C923A964A2002AD2DC /* Sources */,
				043D64CA23A964A2002AD2DC /* Frameworks */,
				043D64CB23A964A2002AD2DC /* Resources */,
			);
			buildRules = (
			);
			dependencies = (
			);
			name = MoveAndGo;
			productName = MoveAndGo;
			productReference = 043D64CD23A964A2002AD2DC /* MoveAndGo.app */;
			productType = "com.apple.product-type.application";
		};
		043D651623A96BF3002AD2DC /* MoveAndGoTests */ = {
			isa = PBXNativeTarget;
			buildConfigurationList = 043D651E23A96BF3002AD2DC /* Build configuration list for PBXNativeTarget "MoveAndGoTests" */;
			buildPhases = (
				043D651323A96BF3002AD2DC /* Sources */,
				043D651423A96BF3002AD2DC /* Frameworks */,
				043D651523A96BF3002AD2DC /* Resources */,
			);
			buildRules = (
			);
			dependencies = (
				043D651D23A96BF3002AD2DC /* PBXTargetDependency */,
			);
			name = MoveAndGoTests;
			productName = MoveAndGoTests;
			productReference = 043D651723A96BF3002AD2DC /* MoveAndGoTests.xctest */;
			productType = "com.apple.product-type.bundle.unit-test";
		};
/* End PBXNativeTarget section */

/* Begin PBXProject section */
		043D64C523A964A2002AD2DC /* Project object */ = {
			isa = PBXProject;
			attributes = {
				LastSwiftUpdateCheck = 1120;
				LastUpgradeCheck = 1120;
				ORGANIZATIONNAME = EdJordan;
				TargetAttributes = {
					043D64CC23A964A2002AD2DC = {
						CreatedOnToolsVersion = 11.2.1;
					};
					043D651623A96BF3002AD2DC = {
						CreatedOnToolsVersion = 11.2.1;
						TestTargetID = 043D64CC23A964A2002AD2DC;
					};
				};
			};
			buildConfigurationList = 043D64C823A964A2002AD2DC /* Build configuration list for PBXProject "MoveAndGo" */;
			compatibilityVersion = "Xcode 9.3";
			developmentRegion = en;
			hasScannedForEncodings = 0;
			knownRegions = (
				en,
				Base,
			);
			mainGroup = 043D64C423A964A2002AD2DC;
			productRefGroup = 043D64CE23A964A2002AD2DC /* Products */;
			projectDirPath = "";
			projectRoot = "";
			targets = (
				043D64CC23A964A2002AD2DC /* MoveAndGo */,
				043D651623A96BF3002AD2DC /* MoveAndGoTests */,
			);
		};
/* End PBXProject section */

/* Begin PBXResourcesBuildPhase section */
		043D64CB23A964A2002AD2DC /* Resources */ = {
			isa = PBXResourcesBuildPhase;
			buildActionMask = 2147483647;
			files = (
				043D64E023A964A5002AD2DC /* LaunchScreen.storyboard in Resources */,
				043D64DD23A964A5002AD2DC /* Assets.xcassets in Resources */,
				043D64D823A964A2002AD2DC /* Main.storyboard in Resources */,
			);
			runOnlyForDeploymentPostprocessing = 0;
		};
		043D651523A96BF3002AD2DC /* Resources */ = {
			isa = PBXResourcesBuildPhase;
			buildActionMask = 2147483647;
			files = (
			);
			runOnlyForDeploymentPostprocessing = 0;
		};
/* End PBXResourcesBuildPhase section */

/* Begin PBXSourcesBuildPhase section */
		043D64C923A964A2002AD2DC /* Sources */ = {
			isa = PBXSourcesBuildPhase;
			buildActionMask = 2147483647;
			files = (
				043D64D523A964A2002AD2DC /* ViewController.swift in Sources */,
				043D64D123A964A2002AD2DC /* AppDelegate.swift in Sources */,
				043D652423A96D46002AD2DC /* ModelData.swift in Sources */,
				043D64DB23A964A2002AD2DC /* MoveAndGo.xcdatamodeld in Sources */,
				043D64D323A964A2002AD2DC /* SceneDelegate.swift in Sources */,
			);
			runOnlyForDeploymentPostprocessing = 0;
		};
		043D651323A96BF3002AD2DC /* Sources */ = {
			isa = PBXSourcesBuildPhase;
			buildActionMask = 2147483647;
			files = (
				043D651A23A96BF3002AD2DC /* MoveAndGoTests.swift in Sources */,
			);
			runOnlyForDeploymentPostprocessing = 0;
		};
/* End PBXSourcesBuildPhase section */

/* Begin PBXTargetDependency section */
		043D651D23A96BF3002AD2DC /* PBXTargetDependency */ = {
			isa = PBXTargetDependency;
			target = 043D64CC23A964A2002AD2DC /* MoveAndGo */;
			targetProxy = 043D651C23A96BF3002AD2DC /* PBXContainerItemProxy */;
		};
/* End PBXTargetDependency section */

/* Begin PBXVariantGroup section */
		043D64D623A964A2002AD2DC /* Main.storyboard */ = {
			isa = PBXVariantGroup;
			children = (
				043D64D723A964A2002AD2DC /* Base */,
			);
			name = Main.storyboard;
			sourceTree = "<group>";
		};
		043D64DE23A964A5002AD2DC /* LaunchScreen.storyboard */ = {
			isa = PBXVariantGroup;
			children = (
				043D64DF23A964A5002AD2DC /* Base */,
			);
			name = LaunchScreen.storyboard;
			sourceTree = "<group>";
		};
/* End PBXVariantGroup section */

/* Begin XCBuildConfiguration section */
		043D64E223A964A5002AD2DC /* Debug */ = {
			isa = XCBuildConfiguration;
			buildSettings = {
				ALWAYS_SEARCH_USER_PATHS = NO;
				CLANG_ANALYZER_NONNULL = YES;
				CLANG_ANALYZER_NUMBER_OBJECT_CONVERSION = YES_AGGRESSIVE;
				CLANG_CXX_LANGUAGE_STANDARD = "gnu++14";
				CLANG_CXX_LIBRARY = "libc++";
				CLANG_ENABLE_MODULES = YES;
				CLANG_ENABLE_OBJC_ARC = YES;
				CLANG_ENABLE_OBJC_WEAK = YES;
				CLANG_WARN_BLOCK_CAPTURE_AUTORELEASING = YES;
				CLANG_WARN_BOOL_CONVERSION = YES;
				CLANG_WARN_COMMA = YES;
				CLANG_WARN_CONSTANT_CONVERSION = YES;
				CLANG_WARN_DEPRECATED_OBJC_IMPLEMENTATIONS = YES;
				CLANG_WARN_DIRECT_OBJC_ISA_USAGE = YES_ERROR;
				CLANG_WARN_DOCUMENTATION_COMMENTS = YES;
				CLANG_WARN_EMPTY_BODY = YES;
				CLANG_WARN_ENUM_CONVERSION = YES;
				CLANG_WARN_INFINITE_RECURSION = YES;
				CLANG_WARN_INT_CONVERSION = YES;
				CLANG_WARN_NON_LITERAL_NULL_CONVERSION = YES;
				CLANG_WARN_OBJC_IMPLICIT_RETAIN_SELF = YES;
				CLANG_WARN_OBJC_LITERAL_CONVERSION = YES;
				CLANG_WARN_OBJC_ROOT_CLASS = YES_ERROR;
				CLANG_WARN_RANGE_LOOP_ANALYSIS = YES;
				CLANG_WARN_STRICT_PROTOTYPES = YES;
				CLANG_WARN_SUSPICIOUS_MOVE = YES;
				CLANG_WARN_UNGUARDED_AVAILABILITY = YES_AGGRESSIVE;
				CLANG_WARN_UNREACHABLE_CODE = YES;
				CLANG_WARN__DUPLICATE_METHOD_MATCH = YES;
				COPY_PHASE_STRIP = NO;
				DEBUG_INFORMATION_FORMAT = dwarf;
				ENABLE_STRICT_OBJC_MSGSEND = YES;
				ENABLE_TESTABILITY = YES;
				GCC_C_LANGUAGE_STANDARD = gnu11;
				GCC_DYNAMIC_NO_PIC = NO;
				GCC_NO_COMMON_BLOCKS = YES;
				GCC_OPTIMIZATION_LEVEL = 0;
				GCC_PREPROCESSOR_DEFINITIONS = (
					"DEBUG=1",
					"$(inherited)",
				);
				GCC_WARN_64_TO_32_BIT_CONVERSION = YES;
				GCC_WARN_ABOUT_RETURN_TYPE = YES_ERROR;
				GCC_WARN_UNDECLARED_SELECTOR = YES;
				GCC_WARN_UNINITIALIZED_AUTOS = YES_AGGRESSIVE;
				GCC_WARN_UNUSED_FUNCTION = YES;
				GCC_WARN_UNUSED_VARIABLE = YES;
				IPHONEOS_DEPLOYMENT_TARGET = 13.2;
				MTL_ENABLE_DEBUG_INFO = INCLUDE_SOURCE;
				MTL_FAST_MATH = YES;
				ONLY_ACTIVE_ARCH = YES;
				SDKROOT = iphoneos;
				SWIFT_ACTIVE_COMPILATION_CONDITIONS = DEBUG;
				SWIFT_OPTIMIZATION_LEVEL = "-Onone";
			};
			name = Debug;
		};
		043D64E323A964A5002AD2DC /* Release */ = {
			isa = XCBuildConfiguration;
			buildSettings = {
				ALWAYS_SEARCH_USER_PATHS = NO;
				CLANG_ANALYZER_NONNULL = YES;
				CLANG_ANALYZER_NUMBER_OBJECT_CONVERSION = YES_AGGRESSIVE;
				CLANG_CXX_LANGUAGE_STANDARD = "gnu++14";
				CLANG_CXX_LIBRARY = "libc++";
				CLANG_ENABLE_MODULES = YES;
				CLANG_ENABLE_OBJC_ARC = YES;
				CLANG_ENABLE_OBJC_WEAK = YES;
				CLANG_WARN_BLOCK_CAPTURE_AUTORELEASING = YES;
				CLANG_WARN_BOOL_CONVERSION = YES;
				CLANG_WARN_COMMA = YES;
				CLANG_WARN_CONSTANT_CONVERSION = YES;
				CLANG_WARN_DEPRECATED_OBJC_IMPLEMENTATIONS = YES;
				CLANG_WARN_DIRECT_OBJC_ISA_USAGE = YES_ERROR;
				CLANG_WARN_DOCUMENTATION_COMMENTS = YES;
				CLANG_WARN_EMPTY_BODY = YES;
				CLANG_WARN_ENUM_CONVERSION = YES;
				CLANG_WARN_INFINITE_RECURSION = YES;
				CLANG_WARN_INT_CONVERSION = YES;
				CLANG_WARN_NON_LITERAL_NULL_CONVERSION = YES;
				CLANG_WARN_OBJC_IMPLICIT_RETAIN_SELF = YES;
				CLANG_WARN_OBJC_LITERAL_CONVERSION = YES;
				CLANG_WARN_OBJC_ROOT_CLASS = YES_ERROR;
				CLANG_WARN_RANGE_LOOP_ANALYSIS = YES;
				CLANG_WARN_STRICT_PROTOTYPES = YES;
				CLANG_WARN_SUSPICIOUS_MOVE = YES;
				CLANG_WARN_UNGUARDED_AVAILABILITY = YES_AGGRESSIVE;
				CLANG_WARN_UNREACHABLE_CODE = YES;
				CLANG_WARN__DUPLICATE_METHOD_MATCH = YES;
				COPY_PHASE_STRIP = NO;
				DEBUG_INFORMATION_FORMAT = "dwarf-with-dsym";
				ENABLE_NS_ASSERTIONS = NO;
				ENABLE_STRICT_OBJC_MSGSEND = YES;
				GCC_C_LANGUAGE_STANDARD = gnu11;
				GCC_NO_COMMON_BLOCKS = YES;
				GCC_WARN_64_TO_32_BIT_CONVERSION = YES;
				GCC_WARN_ABOUT_RETURN_TYPE = YES_ERROR;
				GCC_WARN_UNDECLARED_SELECTOR = YES;
				GCC_WARN_UNINITIALIZED_AUTOS = YES_AGGRESSIVE;
				GCC_WARN_UNUSED_FUNCTION = YES;
				GCC_WARN_UNUSED_VARIABLE = YES;
				IPHONEOS_DEPLOYMENT_TARGET = 13.2;
				MTL_ENABLE_DEBUG_INFO = NO;
				MTL_FAST_MATH = YES;
				SDKROOT = iphoneos;
				SWIFT_COMPILATION_MODE = wholemodule;
				SWIFT_OPTIMIZATION_LEVEL = "-O";
				VALIDATE_PRODUCT = YES;
			};
			name = Release;
		};
		043D64E523A964A5002AD2DC /* Debug */ = {
			isa = XCBuildConfiguration;
			buildSettings = {
				ASSETCATALOG_COMPILER_APPICON_NAME = AppIcon;
				CODE_SIGN_STYLE = Automatic;
				DEVELOPMENT_TEAM = QSL65SU6PD;
				INFOPLIST_FILE = MoveAndGo/Info.plist;
				LD_RUNPATH_SEARCH_PATHS = (
					"$(inherited)",
					"@executable_path/Frameworks",
				);
				PRODUCT_BUNDLE_IDENTIFIER = EduardoJordan.com.MoveAndGo;
				PRODUCT_NAME = "$(TARGET_NAME)";
				SWIFT_VERSION = 5.0;
				TARGETED_DEVICE_FAMILY = "1,2";
			};
			name = Debug;
		};
		043D64E623A964A5002AD2DC /* Release */ = {
			isa = XCBuildConfiguration;
			buildSettings = {
				ASSETCATALOG_COMPILER_APPICON_NAME = AppIcon;
				CODE_SIGN_STYLE = Automatic;
				DEVELOPMENT_TEAM = QSL65SU6PD;
				INFOPLIST_FILE = MoveAndGo/Info.plist;
				LD_RUNPATH_SEARCH_PATHS = (
					"$(inherited)",
					"@executable_path/Frameworks",
				);
				PRODUCT_BUNDLE_IDENTIFIER = EduardoJordan.com.MoveAndGo;
				PRODUCT_NAME = "$(TARGET_NAME)";
				SWIFT_VERSION = 5.0;
				TARGETED_DEVICE_FAMILY = "1,2";
			};
			name = Release;
		};
		043D651F23A96BF3002AD2DC /* Debug */ = {
			isa = XCBuildConfiguration;
			buildSettings = {
				BUNDLE_LOADER = "$(TEST_HOST)";
				CODE_SIGN_STYLE = Automatic;
				DEVELOPMENT_TEAM = QSL65SU6PD;
				INFOPLIST_FILE = MoveAndGoTests/Info.plist;
				LD_RUNPATH_SEARCH_PATHS = (
					"$(inherited)",
					"@executable_path/Frameworks",
					"@loader_path/Frameworks",
				);
				PRODUCT_BUNDLE_IDENTIFIER = EduardoJordan.com.MoveAndGoTests;
				PRODUCT_NAME = "$(TARGET_NAME)";
				SWIFT_VERSION = 5.0;
				TARGETED_DEVICE_FAMILY = "1,2";
				TEST_HOST = "$(BUILT_PRODUCTS_DIR)/MoveAndGo.app/MoveAndGo";
			};
			name = Debug;
		};
		043D652023A96BF3002AD2DC /* Release */ = {
			isa = XCBuildConfiguration;
			buildSettings = {
				BUNDLE_LOADER = "$(TEST_HOST)";
				CODE_SIGN_STYLE = Automatic;
				DEVELOPMENT_TEAM = QSL65SU6PD;
				INFOPLIST_FILE = MoveAndGoTests/Info.plist;
				LD_RUNPATH_SEARCH_PATHS = (
					"$(inherited)",
					"@executable_path/Frameworks",
					"@loader_path/Frameworks",
				);
				PRODUCT_BUNDLE_IDENTIFIER = EduardoJordan.com.MoveAndGoTests;
				PRODUCT_NAME = "$(TARGET_NAME)";
				SWIFT_VERSION = 5.0;
				TARGETED_DEVICE_FAMILY = "1,2";
				TEST_HOST = "$(BUILT_PRODUCTS_DIR)/MoveAndGo.app/MoveAndGo";
			};
			name = Release;
		};
/* End XCBuildConfiguration section */

/* Begin XCConfigurationList section */
		043D64C823A964A2002AD2DC /* Build configuration list for PBXProject "MoveAndGo" */ = {
			isa = XCConfigurationList;
			buildConfigurations = (
				043D64E223A964A5002AD2DC /* Debug */,
				043D64E323A964A5002AD2DC /* Release */,
			);
			defaultConfigurationIsVisible = 0;
			defaultConfigurationName = Release;
		};
		043D64E423A964A5002AD2DC /* Build configuration list for PBXNativeTarget "MoveAndGo" */ = {
			isa = XCConfigurationList;
			buildConfigurations = (
				043D64E523A964A5002AD2DC /* Debug */,
				043D64E623A964A5002AD2DC /* Release */,
			);
			defaultConfigurationIsVisible = 0;
			defaultConfigurationName = Release;
		};
		043D651E23A96BF3002AD2DC /* Build configuration list for PBXNativeTarget "MoveAndGoTests" */ = {
			isa = XCConfigurationList;
			buildConfigurations = (
				043D651F23A96BF3002AD2DC /* Debug */,
				043D652023A96BF3002AD2DC /* Release */,
			);
			defaultConfigurationIsVisible = 0;
			defaultConfigurationName = Release;
		};
/* End XCConfigurationList section */

/* Begin XCVersionGroup section */
		043D64D923A964A2002AD2DC /* MoveAndGo.xcdatamodeld */ = {
			isa = XCVersionGroup;
			children = (
				043D64DA23A964A2002AD2DC /* MoveAndGo.xcdatamodel */,
			);
			currentVersion = 043D64DA23A964A2002AD2DC /* MoveAndGo.xcdatamodel */;
			path = MoveAndGo.xcdatamodeld;
			sourceTree = "<group>";
			versionGroupType = wrapper.xcdatamodel;
		};
/* End XCVersionGroup section */
	};
	rootObject = 043D64C523A964A2002AD2DC /* Project object */;
}
